{
    "_readme": [
        "This file locks the dependencies of your project to a known state",
        "Read more about it at https://getcomposer.org/doc/01-basic-usage.md#composer-lock-the-lock-file",
        "This file is @generated automatically"
    ],
    "hash": "f28c21ec217575e3e2fe1e32d4b053df",
    "packages": [
        {
            "name": "fail-whale/fail-whale",
            "version": "0.1",
            "source": {
                "type": "git",
                "url": "https://github.com/jesseschalken/fail-whale.git",
                "reference": "60c76ea36b66268eb4f32f2a193253326586352e"
            },
            "dist": {
                "type": "zip",
                "url": "https://api.github.com/repos/jesseschalken/fail-whale/zipball/60c76ea36b66268eb4f32f2a193253326586352e",
                "reference": "60c76ea36b66268eb4f32f2a193253326586352e",
                "shasum": ""
            },
            "require-dev": {
                "phpunit/phpunit": "*"
            },
            "type": "library",
            "autoload": {
                "classmap": [
                    "src/"
                ]
            },
            "notification-url": "https://packagist.org/downloads/",
            "license": [
                "MIT"
            ],
            "authors": [
                {
                    "name": "Jesse Schalken",
                    "email": "me@jesseschalken.com"
                }
            ],
            "description": "A robust error handler and pretty printer for PHP",
            "time": "2015-04-28 02:04:27"
        }
    ],
    "packages-dev": [],
    "aliases": [],
    "minimum-stability": "stable",
    "stability-flags": [],
    "prefer-stable": false,
    "prefer-lowest": false,
    "platform": [],
    "platform-dev": []
}
